
Microsoft Visual Studio Solution File, Format Version 12.00
# Visual Studio Version 16
VisualStudioVersion = 16.0.29519.181
MinimumVisualStudioVersion = 10.0.40219.1
Project("{FAE04EC0-301F-11D3-BF4B-00C04F79EFBC}") = "BLEClient", "BLEClient\BLEClient.csproj", "{6BB1CD7B-9AEB-43BE-BDDC-6F1A265A07E3}"
EndProject
Project("{FAE04EC0-301F-11D3-BF4B-00C04F79EFBC}") = "BLE", "BLE\BLE.csproj", "{2A9B8CA9-E614-41C0-A791-B0DA2ADF486E}"
EndProject
Global
	GlobalSection(SolutionConfigurationPlatforms) = preSolution
		Debug|Any CPU = Debug|Any CPU
		Release|Any CPU = Release|Any CPU
	EndGlobalSection
	GlobalSection(ProjectConfigurationPlatforms) = postSolution
		{6BB1CD7B-9AEB-43BE-BDDC-6F1A265A07E3}.Debug|Any CPU.ActiveCfg = Debug|Any CPU
		{6BB1CD7B-9AEB-43BE-BDDC-6F1A265A07E3}.Debug|Any CPU.Build.0 = Debug|Any CPU
		{6BB1CD7B-9AEB-43BE-BDDC-6F1A265A07E3}.Debug|Any CPU.Deploy.0 = Debug|Any CPU
		{6BB1CD7B-9AEB-43BE-BDDC-6F1A265A07E3}.Release|Any CPU.ActiveCfg = Release|Any CPU
		{6BB1CD7B-9AEB-43BE-BDDC-6F1A265A07E3}.Release|Any CPU.Build.0 = Release|Any CPU
		{6BB1CD7B-9AEB-43BE-BDDC-6F1A265A07E3}.Release|Any CPU.Deploy.0 = Release|Any CPU
		{2A9B8CA9-E614-41C0-A791-B0DA2ADF486E}.Debug|Any CPU.ActiveCfg = Debug|Any CPU
		{2A9B8CA9-E614-41C0-A791-B0DA2ADF486E}.Debug|Any CPU.Build.0 = Debug|Any CPU
		{2A9B8CA9-E614-41C0-A791-B0DA2ADF486E}.Release|Any CPU.ActiveCfg = Release|Any CPU
		{2A9B8CA9-E614-41C0-A791-B0DA2ADF486E}.Release|Any CPU.Build.0 = Release|Any CPU
	EndGlobalSection
	GlobalSection(SolutionProperties) = preSolution
		HideSolutionNode = FALSE
	EndGlobalSection
	GlobalSection(ExtensibilityGlobals) = postSolution
		SolutionGuid = {8D5FFAC3-5D67-4A1F-8AA2-09FC7FAD42AF}
	EndGlobalSection
EndGlobal
